// !$*UTF8*$!
{
	archiveVersion = 1;
	classes = {
	};
	objectVersion = 46;
	objects = {

/* Begin PBXBuildFile section */
		23DCD2FC0B1D403C9A7B89FD /* libPods.a in Frameworks */ = {isa = PBXBuildFile; fileRef = D8A163BE4FA94BF191346961 /* libPods.a */; };
		9687DF6B186C344000431DA2 /* CoreImage.framework in Frameworks */ = {isa = PBXBuildFile; fileRef = 9687DF6A186C344000431DA2 /* CoreImage.framework */; };
		9687DF6D186C345B00431DA2 /* AssetsLibrary.framework in Frameworks */ = {isa = PBXBuildFile; fileRef = 9687DF6C186C345B00431DA2 /* AssetsLibrary.framework */; };
		96FA0768186982F5004771D0 /* Foundation.framework in Frameworks */ = {isa = PBXBuildFile; fileRef = 96FA0767186982F5004771D0 /* Foundation.framework */; };
		96FA076A186982F5004771D0 /* CoreGraphics.framework in Frameworks */ = {isa = PBXBuildFile; fileRef = 96FA0769186982F5004771D0 /* CoreGraphics.framework */; };
		96FA076C186982F5004771D0 /* UIKit.framework in Frameworks */ = {isa = PBXBuildFile; fileRef = 96FA076B186982F5004771D0 /* UIKit.framework */; };
		96FA0772186982F5004771D0 /* InfoPlist.strings in Resources */ = {isa = PBXBuildFile; fileRef = 96FA0770186982F5004771D0 /* InfoPlist.strings */; };
		96FA0774186982F5004771D0 /* main.m in Sources */ = {isa = PBXBuildFile; fileRef = 96FA0773186982F5004771D0 /* main.m */; };
		96FA0778186982F5004771D0 /* OCMAppDelegate.m in Sources */ = {isa = PBXBuildFile; fileRef = 96FA0777186982F5004771D0 /* OCMAppDelegate.m */; };
		96FA077E186982F5004771D0 /* OCMViewController.m in Sources */ = {isa = PBXBuildFile; fileRef = 96FA077D186982F5004771D0 /* OCMViewController.m */; };
		96FA0780186982F5004771D0 /* Images.xcassets in Resources */ = {isa = PBXBuildFile; fileRef = 96FA077F186982F5004771D0 /* Images.xcassets */; };
/* End PBXBuildFile section */

/* Begin PBXFileReference section */
		3ED04AC2BE0E49C784B3B649 /* Pods.xcconfig */ = {isa = PBXFileReference; includeInIndex = 1; lastKnownFileType = text.xcconfig; name = Pods.xcconfig; path = Pods/Pods.xcconfig; sourceTree = "<group>"; };
		9687DF6A186C344000431DA2 /* CoreImage.framework */ = {isa = PBXFileReference; lastKnownFileType = wrapper.framework; name = CoreImage.framework; path = System/Library/Frameworks/CoreImage.framework; sourceTree = SDKROOT; };
		9687DF6C186C345B00431DA2 /* AssetsLibrary.framework */ = {isa = PBXFileReference; lastKnownFileType = wrapper.framework; name = AssetsLibrary.framework; path = System/Library/Frameworks/AssetsLibrary.framework; sourceTree = SDKROOT; };
		9687DF6F186C402A00431DA2 /* zh-Hans */ = {isa = PBXFileReference; lastKnownFileType = text.plist.strings; name = "zh-Hans"; path = "zh-Hans.lproj/InfoPlist.strings"; sourceTree = "<group>"; };
		9687DF70186C402E00431DA2 /* zh-Hant */ = {isa = PBXFileReference; lastKnownFileType = text.plist.strings; name = "zh-Hant"; path = "zh-Hant.lproj/InfoPlist.strings"; sourceTree = "<group>"; };
		96FA0764186982F5004771D0 /* Demo.app */ = {isa = PBXFileReference; explicitFileType = wrapper.application; includeInIndex = 0; path = Demo.app; sourceTree = BUILT_PRODUCTS_DIR; };
		96FA0767186982F5004771D0 /* Foundation.framework */ = {isa = PBXFileReference; lastKnownFileType = wrapper.framework; name = Foundation.framework; path = System/Library/Frameworks/Foundation.framework; sourceTree = SDKROOT; };
		96FA0769186982F5004771D0 /* CoreGraphics.framework */ = {isa = PBXFileReference; lastKnownFileType = wrapper.framework; name = CoreGraphics.framework; path = System/Library/Frameworks/CoreGraphics.framework; sourceTree = SDKROOT; };
		96FA076B186982F5004771D0 /* UIKit.framework */ = {isa = PBXFileReference; lastKnownFileType = wrapper.framework; name = UIKit.framework; path = System/Library/Frameworks/UIKit.framework; sourceTree = SDKROOT; };
		96FA076F186982F5004771D0 /* Demo-Info.plist */ = {isa = PBXFileReference; lastKnownFileType = text.plist.xml; path = "Demo-Info.plist"; sourceTree = "<group>"; };
		96FA0771186982F5004771D0 /* en */ = {isa = PBXFileReference; lastKnownFileType = text.plist.strings; name = en; path = en.lproj/InfoPlist.strings; sourceTree = "<group>"; };
		96FA0773186982F5004771D0 /* main.m */ = {isa = PBXFileReference; lastKnownFileType = sourcecode.c.objc; path = main.m; sourceTree = "<group>"; };
		96FA0775186982F5004771D0 /* Demo-Prefix.pch */ = {isa = PBXFileReference; lastKnownFileType = sourcecode.c.h; path = "Demo-Prefix.pch"; sourceTree = "<group>"; };
		96FA0776186982F5004771D0 /* OCMAppDelegate.h */ = {isa = PBXFileReference; lastKnownFileType = sourcecode.c.h; path = OCMAppDelegate.h; sourceTree = "<group>"; };
		96FA0777186982F5004771D0 /* OCMAppDelegate.m */ = {isa = PBXFileReference; lastKnownFileType = sourcecode.c.objc; path = OCMAppDelegate.m; sourceTree = "<group>"; };
		96FA077C186982F5004771D0 /* OCMViewController.h */ = {isa = PBXFileReference; lastKnownFileType = sourcecode.c.h; path = OCMViewController.h; sourceTree = "<group>"; };
		96FA077D186982F5004771D0 /* OCMViewController.m */ = {isa = PBXFileReference; lastKnownFileType = sourcecode.c.objc; path = OCMViewController.m; sourceTree = "<group>"; };
		96FA077F186982F5004771D0 /* Images.xcassets */ = {isa = PBXFileReference; lastKnownFileType = folder.assetcatalog; path = Images.xcassets; sourceTree = "<group>"; };
		D8A163BE4FA94BF191346961 /* libPods.a */ = {isa = PBXFileReference; explicitFileType = archive.ar; includeInIndex = 0; path = libPods.a; sourceTree = BUILT_PRODUCTS_DIR; };
/* End PBXFileReference section */

/* Begin PBXFrameworksBuildPhase section */
		96FA0761186982F5004771D0 /* Frameworks */ = {
			isa = PBXFrameworksBuildPhase;
			buildActionMask = 2147483647;
			files = (
				9687DF6D186C345B00431DA2 /* AssetsLibrary.framework in Frameworks */,
				9687DF6B186C344000431DA2 /* CoreImage.framework in Frameworks */,
				96FA076A186982F5004771D0 /* CoreGraphics.framework in Frameworks */,
				96FA076C186982F5004771D0 /* UIKit.framework in Frameworks */,
				96FA0768186982F5004771D0 /* Foundation.framework in Frameworks */,
				23DCD2FC0B1D403C9A7B89FD /* libPods.a in Frameworks */,
			);
			runOnlyForDeploymentPostprocessing = 0;
		};
/* End PBXFrameworksBuildPhase section */

/* Begin PBXGroup section */
		96FA075B186982F5004771D0 = {
			isa = PBXGroup;
			children = (
				96FA076D186982F5004771D0 /* Demo */,
				96FA0766186982F5004771D0 /* Frameworks */,
				96FA0765186982F5004771D0 /* Products */,
				3ED04AC2BE0E49C784B3B649 /* Pods.xcconfig */,
			);
			sourceTree = "<group>";
		};
		96FA0765186982F5004771D0 /* Products */ = {
			isa = PBXGroup;
			children = (
				96FA0764186982F5004771D0 /* Demo.app */,
			);
			name = Products;
			sourceTree = "<group>";
		};
		96FA0766186982F5004771D0 /* Frameworks */ = {
			isa = PBXGroup;
			children = (
				9687DF6C186C345B00431DA2 /* AssetsLibrary.framework */,
				9687DF6A186C344000431DA2 /* CoreImage.framework */,
				96FA0767186982F5004771D0 /* Foundation.framework */,
				96FA0769186982F5004771D0 /* CoreGraphics.framework */,
				96FA076B186982F5004771D0 /* UIKit.framework */,
				D8A163BE4FA94BF191346961 /* libPods.a */,
			);
			name = Frameworks;
			sourceTree = "<group>";
		};
		96FA076D186982F5004771D0 /* Demo */ = {
			isa = PBXGroup;
			children = (
				96FA0776186982F5004771D0 /* OCMAppDelegate.h */,
				96FA0777186982F5004771D0 /* OCMAppDelegate.m */,
				96FA077C186982F5004771D0 /* OCMViewController.h */,
				96FA077D186982F5004771D0 /* OCMViewController.m */,
				96FA077F186982F5004771D0 /* Images.xcassets */,
				96FA076E186982F5004771D0 /* Supporting Files */,
			);
			path = Demo;
			sourceTree = "<group>";
		};
		96FA076E186982F5004771D0 /* Supporting Files */ = {
			isa = PBXGroup;
			children = (
				96FA076F186982F5004771D0 /* Demo-Info.plist */,
				96FA0770186982F5004771D0 /* InfoPlist.strings */,
				96FA0773186982F5004771D0 /* main.m */,
				96FA0775186982F5004771D0 /* Demo-Prefix.pch */,
			);
			name = "Supporting Files";
			sourceTree = "<group>";
		};
/* End PBXGroup section */

/* Begin PBXNativeTarget section */
		96FA0763186982F5004771D0 /* Demo */ = {
			isa = PBXNativeTarget;
			buildConfigurationList = 96FA0796186982F5004771D0 /* Build configuration list for PBXNativeTarget "Demo" */;
			buildPhases = (
				57201E696C244F4994C59D6F /* Check Pods Manifest.lock */,
				96FA0760186982F5004771D0 /* Sources */,
				96FA0761186982F5004771D0 /* Frameworks */,
				96FA0762186982F5004771D0 /* Resources */,
				773A09710BB74446A53758C6 /* Copy Pods Resources */,
			);
			buildRules = (
			);
			dependencies = (
			);
			name = Demo;
			productName = Demo;
			productReference = 96FA0764186982F5004771D0 /* Demo.app */;
			productType = "com.apple.product-type.application";
		};
/* End PBXNativeTarget section */

/* Begin PBXProject section */
		96FA075C186982F5004771D0 /* Project object */ = {
			isa = PBXProject;
			attributes = {
				CLASSPREFIX = OCM;
				LastUpgradeCheck = 0500;
				ORGANIZATIONNAME = "Jason Hsu";
			};
			buildConfigurationList = 96FA075F186982F5004771D0 /* Build configuration list for PBXProject "Demo" */;
			compatibilityVersion = "Xcode 3.2";
			developmentRegion = English;
			hasScannedForEncodings = 0;
			knownRegions = (
				en,
				Base,
				"zh-Hans",
				"zh-Hant",
			);
			mainGroup = 96FA075B186982F5004771D0;
			productRefGroup = 96FA0765186982F5004771D0 /* Products */;
			projectDirPath = "";
			projectRoot = "";
			targets = (
				96FA0763186982F5004771D0 /* Demo */,
			);
		};
/* End PBXProject section */

/* Begin PBXResourcesBuildPhase section */
		96FA0762186982F5004771D0 /* Resources */ = {
			isa = PBXResourcesBuildPhase;
			buildActionMask = 2147483647;
			files = (
				96FA0780186982F5004771D0 /* Images.xcassets in Resources */,
				96FA0772186982F5004771D0 /* InfoPlist.strings in Resources */,
			);
			runOnlyForDeploymentPostprocessing = 0;
		};
/* End PBXResourcesBuildPhase section */

/* Begin PBXShellScriptBuildPhase section */
		57201E696C244F4994C59D6F /* Check Pods Manifest.lock */ = {
			isa = PBXShellScriptBuildPhase;
			buildActionMask = 2147483647;
			files = (
			);
			inputPaths = (
			);
			name = "Check Pods Manifest.lock";
			outputPaths = (
			);
			runOnlyForDeploymentPostprocessing = 0;
			shellPath = /bin/sh;
			shellScript = "diff \"${PODS_ROOT}/../Podfile.lock\" \"${PODS_ROOT}/Manifest.lock\" > /dev/null\nif [[ $? != 0 ]] ; then\n    cat << EOM\nerror: The sandbox is not in sync with the Podfile.lock. Run 'pod install' or update your CocoaPods installation.\nEOM\n    exit 1\nfi\n";
			showEnvVarsInLog = 0;
		};
		773A09710BB74446A53758C6 /* Copy Pods Resources */ = {
			isa = PBXShellScriptBuildPhase;
			buildActionMask = 2147483647;
			files = (
			);
			inputPaths = (
			);
			name = "Copy Pods Resources";
			outputPaths = (
			);
			runOnlyForDeploymentPostprocessing = 0;
			shellPath = /bin/sh;
			shellScript = "\"${SRCROOT}/Pods/Pods-resources.sh\"\n";
			showEnvVarsInLog = 0;
		};
/* End PBXShellScriptBuildPhase section */

/* Begin PBXSourcesBuildPhase section */
		96FA0760186982F5004771D0 /* Sources */ = {
			isa = PBXSourcesBuildPhase;
			buildActionMask = 2147483647;
			files = (
				96FA0778186982F5004771D0 /* OCMAppDelegate.m in Sources */,
				96FA0774186982F5004771D0 /* main.m in Sources */,
				96FA077E186982F5004771D0 /* OCMViewController.m in Sources */,
			);
			runOnlyForDeploymentPostprocessing = 0;
		};
/* End PBXSourcesBuildPhase section */

/* Begin PBXVariantGroup section */
		96FA0770186982F5004771D0 /* InfoPlist.strings */ = {
			isa = PBXVariantGroup;
			children = (
				96FA0771186982F5004771D0 /* en */,
				9687DF6F186C402A00431DA2 /* zh-Hans */,
				9687DF70186C402E00431DA2 /* zh-Hant */,
			);
			name = InfoPlist.strings;
			sourceTree = "<group>";
		};
/* End PBXVariantGroup section */

/* Begin XCBuildConfiguration section */
		96FA0794186982F5004771D0 /* Debug */ = {
			isa = XCBuildConfiguration;
			buildSettings = {
				ALWAYS_SEARCH_USER_PATHS = NO;
				ARCHS = "$(ARCHS_STANDARD_INCLUDING_64_BIT)";
				CLANG_CXX_LANGUAGE_STANDARD = "gnu++0x";
				CLANG_CXX_LIBRARY = "libc++";
				CLANG_ENABLE_MODULES = YES;
				CLANG_ENABLE_OBJC_ARC = YES;
				CLANG_WARN_BOOL_CONVERSION = YES;
				CLANG_WARN_CONSTANT_CONVERSION = YES;
				CLANG_WARN_DIRECT_OBJC_ISA_USAGE = YES_ERROR;
				CLANG_WARN_EMPTY_BODY = YES;
				CLANG_WARN_ENUM_CONVERSION = YES;
				CLANG_WARN_INT_CONVERSION = YES;
				CLANG_WARN_OBJC_ROOT_CLASS = YES_ERROR;
				CLANG_WARN__DUPLICATE_METHOD_MATCH = YES;
				"CODE_SIGN_IDENTITY[sdk=iphoneos*]" = "iPhone Developer";
				COPY_PHASE_STRIP = NO;
				GCC_C_LANGUAGE_STANDARD = gnu99;
				GCC_DYNAMIC_NO_PIC = NO;
				GCC_OPTIMIZATION_LEVEL = 0;
				GCC_PREPROCESSOR_DEFINITIONS = (
					"DEBUG=1",
					"$(inherited)",
				);
				GCC_SYMBOLS_PRIVATE_EXTERN = NO;
				GCC_WARN_64_TO_32_BIT_CONVERSION = YES;
				GCC_WARN_ABOUT_RETURN_TYPE = YES_ERROR;
				GCC_WARN_UNDECLARED_SELECTOR = YES;
				GCC_WARN_UNINITIALIZED_AUTOS = YES;
				GCC_WARN_UNUSED_FUNCTION = YES;
				GCC_WARN_UNUSED_VARIABLE = YES;
				IPHONEOS_DEPLOYMENT_TARGET = 6.0;
				ONLY_ACTIVE_ARCH = YES;
				SDKROOT = iphoneos;
			};
			name = Debug;
		};
		96FA0795186982F5004771D0 /* Release */ = {
			isa = XCBuildConfiguration;
			buildSettings = {
				ALWAYS_SEARCH_USER_PATHS = NO;
				ARCHS = "$(ARCHS_STANDARD_INCLUDING_64_BIT)";
				CLANG_CXX_LANGUAGE_STANDARD = "gnu++0x";
				CLANG_CXX_LIBRARY = "libc++";
				CLANG_ENABLE_MODULES = YES;
				CLANG_ENABLE_OBJC_ARC = YES;
				CLANG_WARN_BOOL_CONVERSION = YES;
				CLANG_WARN_CONSTANT_CONVERSION = YES;
				CLANG_WARN_DIRECT_OBJC_ISA_USAGE = YES_ERROR;
				CLANG_WARN_EMPTY_BODY = YES;
				CLANG_WARN_ENUM_CONVERSION = YES;
				CLANG_WARN_INT_CONVERSION = YES;
				CLANG_WARN_OBJC_ROOT_CLASS = YES_ERROR;
				CLANG_WARN__DUPLICATE_METHOD_MATCH = YES;
				"CODE_SIGN_IDENTITY[sdk=iphoneos*]" = "iPhone Developer";
				COPY_PHASE_STRIP = YES;
				ENABLE_NS_ASSERTIONS = NO;
				GCC_C_LANGUAGE_STANDARD = gnu99;
				GCC_WARN_64_TO_32_BIT_CONVERSION = YES;
				GCC_WARN_ABOUT_RETURN_TYPE = YES_ERROR;
				GCC_WARN_UNDECLARED_SELECTOR = YES;
				GCC_WARN_UNINITIALIZED_AUTOS = YES;
				GCC_WARN_UNUSED_FUNCTION = YES;
				GCC_WARN_UNUSED_VARIABLE = YES;
				IPHONEOS_DEPLOYMENT_TARGET = 6.0;
				SDKROOT = iphoneos;
				VALIDATE_PRODUCT = YES;
			};
			name = Release;
		};
		96FA0797186982F5004771D0 /* Debug */ = {
			isa = XCBuildConfiguration;
			baseConfigurationReference = 3ED04AC2BE0E49C784B3B649 /* Pods.xcconfig */;
			buildSettings = {
				ASSETCATALOG_COMPILER_APPICON_NAME = AppIcon;
				ASSETCATALOG_COMPILER_LAUNCHIMAGE_NAME = LaunchImage;
				GCC_PRECOMPILE_PREFIX_HEADER = YES;
				GCC_PREFIX_HEADER = "Demo/Demo-Prefix.pch";
				INFOPLIST_FILE = "Demo/Demo-Info.plist";
				PRODUCT_NAME = "$(TARGET_NAME)";
				WRAPPER_EXTENSION = app;
			};
			name = Debug;
		};
		96FA0798186982F5004771D0 /* Release */ = {
			isa = XCBuildConfiguration;
			baseConfigurationReference = 3ED04AC2BE0E49C784B3B649 /* Pods.xcconfig */;
			buildSettings = {
				ASSETCATALOG_COMPILER_APPICON_NAME = AppIcon;
				ASSETCATALOG_COMPILER_LAUNCHIMAGE_NAME = LaunchImage;
				GCC_PRECOMPILE_PREFIX_HEADER = YES;
				GCC_PREFIX_HEADER = "Demo/Demo-Prefix.pch";
				INFOPLIST_FILE = "Demo/Demo-Info.plist";
				PRODUCT_NAME = "$(TARGET_NAME)";
				WRAPPER_EXTENSION = app;
			};
			name = Release;
		};
/* End XCBuildConfiguration section */

/* Begin XCConfigurationList section */
		96FA075F186982F5004771D0 /* Build configuration list for PBXProject "Demo" */ = {
			isa = XCConfigurationList;
			buildConfigurations = (
				96FA0794186982F5004771D0 /* Debug */,
				96FA0795186982F5004771D0 /* Release */,
			);
			defaultConfigurationIsVisible = 0;
			defaultConfigurationName = Release;
		};
		96FA0796186982F5004771D0 /* Build configuration list for PBXNativeTarget "Demo" */ = {
			isa = XCConfigurationList;
			buildConfigurations = (
				96FA0797186982F5004771D0 /* Debug */,
				96FA0798186982F5004771D0 /* Release */,
			);
			defaultConfigurationIsVisible = 0;
			defaultConfigurationName = Release;
		};
/* End XCConfigurationList section */
	};
	rootObject = 96FA075C186982F5004771D0 /* Project object */;
}
